// !$*UTF8*$!
{
	archiveVersion = 1;
	classes = {
	};
	objectVersion = 56;
	objects = {

/* Begin PBXBuildFile section */
		E0639AB72B42018F0066AF47 /* AppDelegate.swift in Sources */ = {isa = PBXBuildFile; fileRef = E0639AB62B42018F0066AF47 /* AppDelegate.swift */; };
		E0639AB92B42018F0066AF47 /* SceneDelegate.swift in Sources */ = {isa = PBXBuildFile; fileRef = E0639AB82B42018F0066AF47 /* SceneDelegate.swift */; };
		E0639AC02B4201900066AF47 /* Assets.xcassets in Resources */ = {isa = PBXBuildFile; fileRef = E0639ABF2B4201900066AF47 /* Assets.xcassets */; };
		E0639AC32B4201900066AF47 /* LaunchScreen.storyboard in Resources */ = {isa = PBXBuildFile; fileRef = E0639AC12B4201900066AF47 /* LaunchScreen.storyboard */; };
		E0639ACB2B420A770066AF47 /* SearchVC.swift in Sources */ = {isa = PBXBuildFile; fileRef = E0639ACA2B420A770066AF47 /* SearchVC.swift */; };
		E0639ACD2B420C310066AF47 /* FavoritesListVC.swift in Sources */ = {isa = PBXBuildFile; fileRef = E0639ACC2B420C310066AF47 /* FavoritesListVC.swift */; };
		E0639ACF2B4253570066AF47 /* GFButton.swift in Sources */ = {isa = PBXBuildFile; fileRef = E0639ACE2B4253570066AF47 /* GFButton.swift */; };
		E0639AD12B4256AE0066AF47 /* GFTextField.swift in Sources */ = {isa = PBXBuildFile; fileRef = E0639AD02B4256AE0066AF47 /* GFTextField.swift */; };
		E0F802C52B43446C00746BFC /* FollowerListVC.swift in Sources */ = {isa = PBXBuildFile; fileRef = E0F802C42B43446C00746BFC /* FollowerListVC.swift */; };
		E0F802C72B434FEA00746BFC /* String+GHFollowers.swift in Sources */ = {isa = PBXBuildFile; fileRef = E0F802C62B434FEA00746BFC /* String+GHFollowers.swift */; };
		E0F802C92B43982400746BFC /* GFTitleLabel.swift in Sources */ = {isa = PBXBuildFile; fileRef = E0F802C82B43982400746BFC /* GFTitleLabel.swift */; };
		E0F802CB2B43999800746BFC /* GFBodyLabel.swift in Sources */ = {isa = PBXBuildFile; fileRef = E0F802CA2B43999800746BFC /* GFBodyLabel.swift */; };
		E0F802CD2B439A9300746BFC /* GFAlertVC.swift in Sources */ = {isa = PBXBuildFile; fileRef = E0F802CC2B439A9300746BFC /* GFAlertVC.swift */; };
		E0F802CF2B439CCC00746BFC /* GFAlertContainerView.swift in Sources */ = {isa = PBXBuildFile; fileRef = E0F802CE2B439CCC00746BFC /* GFAlertContainerView.swift */; };
		E0F802D12B43A39200746BFC /* UIViewController+GHFollowers.swift in Sources */ = {isa = PBXBuildFile; fileRef = E0F802D02B43A39200746BFC /* UIViewController+GHFollowers.swift */; };
/* End PBXBuildFile section */

/* Begin PBXFileReference section */
		E0639AB32B42018F0066AF47 /* GHFollowers_UIKit.app */ = {isa = PBXFileReference; explicitFileType = wrapper.application; includeInIndex = 0; path = GHFollowers_UIKit.app; sourceTree = BUILT_PRODUCTS_DIR; };
		E0639AB62B42018F0066AF47 /* AppDelegate.swift */ = {isa = PBXFileReference; lastKnownFileType = sourcecode.swift; path = AppDelegate.swift; sourceTree = "<group>"; };
		E0639AB82B42018F0066AF47 /* SceneDelegate.swift */ = {isa = PBXFileReference; lastKnownFileType = sourcecode.swift; path = SceneDelegate.swift; sourceTree = "<group>"; };
		E0639ABF2B4201900066AF47 /* Assets.xcassets */ = {isa = PBXFileReference; lastKnownFileType = folder.assetcatalog; path = Assets.xcassets; sourceTree = "<group>"; };
		E0639AC22B4201900066AF47 /* Base */ = {isa = PBXFileReference; lastKnownFileType = file.storyboard; name = Base; path = Base.lproj/LaunchScreen.storyboard; sourceTree = "<group>"; };
		E0639AC42B4201900066AF47 /* Info.plist */ = {isa = PBXFileReference; lastKnownFileType = text.plist.xml; path = Info.plist; sourceTree = "<group>"; };
		E0639ACA2B420A770066AF47 /* SearchVC.swift */ = {isa = PBXFileReference; lastKnownFileType = sourcecode.swift; path = SearchVC.swift; sourceTree = "<group>"; };
		E0639ACC2B420C310066AF47 /* FavoritesListVC.swift */ = {isa = PBXFileReference; lastKnownFileType = sourcecode.swift; path = FavoritesListVC.swift; sourceTree = "<group>"; };
		E0639ACE2B4253570066AF47 /* GFButton.swift */ = {isa = PBXFileReference; lastKnownFileType = sourcecode.swift; path = GFButton.swift; sourceTree = "<group>"; };
		E0639AD02B4256AE0066AF47 /* GFTextField.swift */ = {isa = PBXFileReference; lastKnownFileType = sourcecode.swift; path = GFTextField.swift; sourceTree = "<group>"; };
		E0F802C42B43446C00746BFC /* FollowerListVC.swift */ = {isa = PBXFileReference; lastKnownFileType = sourcecode.swift; path = FollowerListVC.swift; sourceTree = "<group>"; };
		E0F802C62B434FEA00746BFC /* String+GHFollowers.swift */ = {isa = PBXFileReference; lastKnownFileType = sourcecode.swift; path = "String+GHFollowers.swift"; sourceTree = "<group>"; };
		E0F802C82B43982400746BFC /* GFTitleLabel.swift */ = {isa = PBXFileReference; lastKnownFileType = sourcecode.swift; path = GFTitleLabel.swift; sourceTree = "<group>"; };
		E0F802CA2B43999800746BFC /* GFBodyLabel.swift */ = {isa = PBXFileReference; lastKnownFileType = sourcecode.swift; path = GFBodyLabel.swift; sourceTree = "<group>"; };
		E0F802CC2B439A9300746BFC /* GFAlertVC.swift */ = {isa = PBXFileReference; lastKnownFileType = sourcecode.swift; path = GFAlertVC.swift; sourceTree = "<group>"; };
		E0F802CE2B439CCC00746BFC /* GFAlertContainerView.swift */ = {isa = PBXFileReference; lastKnownFileType = sourcecode.swift; path = GFAlertContainerView.swift; sourceTree = "<group>"; };
		E0F802D02B43A39200746BFC /* UIViewController+GHFollowers.swift */ = {isa = PBXFileReference; lastKnownFileType = sourcecode.swift; path = "UIViewController+GHFollowers.swift"; sourceTree = "<group>"; };
/* End PBXFileReference section */

/* Begin PBXFrameworksBuildPhase section */
		E0639AB02B42018F0066AF47 /* Frameworks */ = {
			isa = PBXFrameworksBuildPhase;
			buildActionMask = 2147483647;
			files = (
			);
			runOnlyForDeploymentPostprocessing = 0;
		};
/* End PBXFrameworksBuildPhase section */

/* Begin PBXGroup section */
		E0639AAA2B42018F0066AF47 = {
			isa = PBXGroup;
			children = (
				E0639AB52B42018F0066AF47 /* GHFollowers_UIKit */,
				E0639AB42B42018F0066AF47 /* Products */,
			);
			sourceTree = "<group>";
		};
		E0639AB42B42018F0066AF47 /* Products */ = {
			isa = PBXGroup;
			children = (
				E0639AB32B42018F0066AF47 /* GHFollowers_UIKit.app */,
			);
			name = Products;
			sourceTree = "<group>";
		};
		E0639AB52B42018F0066AF47 /* GHFollowers_UIKit */ = {
			isa = PBXGroup;
			children = (
				E0639AC42B4201900066AF47 /* Info.plist */,
				E0639AB62B42018F0066AF47 /* AppDelegate.swift */,
				E0639ACC2B420C310066AF47 /* FavoritesListVC.swift */,
				E0F802C42B43446C00746BFC /* FollowerListVC.swift */,
				E0F802CE2B439CCC00746BFC /* GFAlertContainerView.swift */,
				E0F802CC2B439A9300746BFC /* GFAlertVC.swift */,
				E0F802CA2B43999800746BFC /* GFBodyLabel.swift */,
				E0639ACE2B4253570066AF47 /* GFButton.swift */,
				E0639AD02B4256AE0066AF47 /* GFTextField.swift */,
				E0F802C82B43982400746BFC /* GFTitleLabel.swift */,
				E0639AB82B42018F0066AF47 /* SceneDelegate.swift */,
				E0639ACA2B420A770066AF47 /* SearchVC.swift */,
				E0F802C62B434FEA00746BFC /* String+GHFollowers.swift */,
				E0F802D02B43A39200746BFC /* UIViewController+GHFollowers.swift */,
				E0639ABF2B4201900066AF47 /* Assets.xcassets */,
				E0639AC12B4201900066AF47 /* LaunchScreen.storyboard */,
			);
			path = GHFollowers_UIKit;
			sourceTree = "<group>";
		};
/* End PBXGroup section */

/* Begin PBXNativeTarget section */
		E0639AB22B42018F0066AF47 /* GHFollowers_UIKit */ = {
			isa = PBXNativeTarget;
			buildConfigurationList = E0639AC72B4201900066AF47 /* Build configuration list for PBXNativeTarget "GHFollowers_UIKit" */;
			buildPhases = (
				E0639AAF2B42018F0066AF47 /* Sources */,
				E0639AB02B42018F0066AF47 /* Frameworks */,
				E0639AB12B42018F0066AF47 /* Resources */,
			);
			buildRules = (
			);
			dependencies = (
			);
			name = GHFollowers_UIKit;
			productName = GHFollowers_UIKit;
			productReference = E0639AB32B42018F0066AF47 /* GHFollowers_UIKit.app */;
			productType = "com.apple.product-type.application";
		};
/* End PBXNativeTarget section */

/* Begin PBXProject section */
		E0639AAB2B42018F0066AF47 /* Project object */ = {
			isa = PBXProject;
			attributes = {
				BuildIndependentTargetsInParallel = 1;
				LastSwiftUpdateCheck = 1500;
				LastUpgradeCheck = 1500;
				TargetAttributes = {
					E0639AB22B42018F0066AF47 = {
						CreatedOnToolsVersion = 15.0.1;
					};
				};
			};
			buildConfigurationList = E0639AAE2B42018F0066AF47 /* Build configuration list for PBXProject "GHFollowers_UIKit" */;
			compatibilityVersion = "Xcode 14.0";
			developmentRegion = en;
			hasScannedForEncodings = 0;
			knownRegions = (
				en,
				Base,
			);
			mainGroup = E0639AAA2B42018F0066AF47;
			productRefGroup = E0639AB42B42018F0066AF47 /* Products */;
			projectDirPath = "";
			projectRoot = "";
			targets = (
				E0639AB22B42018F0066AF47 /* GHFollowers_UIKit */,
			);
		};
/* End PBXProject section */

/* Begin PBXResourcesBuildPhase section */
		E0639AB12B42018F0066AF47 /* Resources */ = {
			isa = PBXResourcesBuildPhase;
			buildActionMask = 2147483647;
			files = (
				E0639AC32B4201900066AF47 /* LaunchScreen.storyboard in Resources */,
				E0639AC02B4201900066AF47 /* Assets.xcassets in Resources */,
			);
			runOnlyForDeploymentPostprocessing = 0;
		};
/* End PBXResourcesBuildPhase section */

/* Begin PBXSourcesBuildPhase section */
		E0639AAF2B42018F0066AF47 /* Sources */ = {
			isa = PBXSourcesBuildPhase;
			buildActionMask = 2147483647;
			files = (
				E0F802CF2B439CCC00746BFC /* GFAlertContainerView.swift in Sources */,
				E0639AD12B4256AE0066AF47 /* GFTextField.swift in Sources */,
				E0F802C72B434FEA00746BFC /* String+GHFollowers.swift in Sources */,
				E0639ACD2B420C310066AF47 /* FavoritesListVC.swift in Sources */,
				E0639ACF2B4253570066AF47 /* GFButton.swift in Sources */,
				E0639ACB2B420A770066AF47 /* SearchVC.swift in Sources */,
				E0F802CD2B439A9300746BFC /* GFAlertVC.swift in Sources */,
				E0F802C92B43982400746BFC /* GFTitleLabel.swift in Sources */,
				E0F802D12B43A39200746BFC /* UIViewController+GHFollowers.swift in Sources */,
				E0F802C52B43446C00746BFC /* FollowerListVC.swift in Sources */,
				E0639AB72B42018F0066AF47 /* AppDelegate.swift in Sources */,
				E0639AB92B42018F0066AF47 /* SceneDelegate.swift in Sources */,
				E0F802CB2B43999800746BFC /* GFBodyLabel.swift in Sources */,
			);
			runOnlyForDeploymentPostprocessing = 0;
		};
/* End PBXSourcesBuildPhase section */

/* Begin PBXVariantGroup section */
		E0639AC12B4201900066AF47 /* LaunchScreen.storyboard */ = {
			isa = PBXVariantGroup;
			children = (
				E0639AC22B4201900066AF47 /* Base */,
			);
			name = LaunchScreen.storyboard;
			sourceTree = "<group>";
		};
/* End PBXVariantGroup section */

/* Begin XCBuildConfiguration section */
		E0639AC52B4201900066AF47 /* Debug */ = {
			isa = XCBuildConfiguration;
			buildSettings = {
				ALWAYS_SEARCH_USER_PATHS = NO;
				ASSETCATALOG_COMPILER_GENERATE_SWIFT_ASSET_SYMBOL_EXTENSIONS = YES;
				CLANG_ANALYZER_NONNULL = YES;
				CLANG_ANALYZER_NUMBER_OBJECT_CONVERSION = YES_AGGRESSIVE;
				CLANG_CXX_LANGUAGE_STANDARD = "gnu++20";
				CLANG_ENABLE_MODULES = YES;
				CLANG_ENABLE_OBJC_ARC = YES;
				CLANG_ENABLE_OBJC_WEAK = YES;
				CLANG_WARN_BLOCK_CAPTURE_AUTORELEASING = YES;
				CLANG_WARN_BOOL_CONVERSION = YES;
				CLANG_WARN_COMMA = YES;
				CLANG_WARN_CONSTANT_CONVERSION = YES;
				CLANG_WARN_DEPRECATED_OBJC_IMPLEMENTATIONS = YES;
				CLANG_WARN_DIRECT_OBJC_ISA_USAGE = YES_ERROR;
				CLANG_WARN_DOCUMENTATION_COMMENTS = YES;
				CLANG_WARN_EMPTY_BODY = YES;
				CLANG_WARN_ENUM_CONVERSION = YES;
				CLANG_WARN_INFINITE_RECURSION = YES;
				CLANG_WARN_INT_CONVERSION = YES;
				CLANG_WARN_NON_LITERAL_NULL_CONVERSION = YES;
				CLANG_WARN_OBJC_IMPLICIT_RETAIN_SELF = YES;
				CLANG_WARN_OBJC_LITERAL_CONVERSION = YES;
				CLANG_WARN_OBJC_ROOT_CLASS = YES_ERROR;
				CLANG_WARN_QUOTED_INCLUDE_IN_FRAMEWORK_HEADER = YES;
				CLANG_WARN_RANGE_LOOP_ANALYSIS = YES;
				CLANG_WARN_STRICT_PROTOTYPES = YES;
				CLANG_WARN_SUSPICIOUS_MOVE = YES;
				CLANG_WARN_UNGUARDED_AVAILABILITY = YES_AGGRESSIVE;
				CLANG_WARN_UNREACHABLE_CODE = YES;
				CLANG_WARN__DUPLICATE_METHOD_MATCH = YES;
				COPY_PHASE_STRIP = NO;
				DEBUG_INFORMATION_FORMAT = dwarf;
				ENABLE_STRICT_OBJC_MSGSEND = YES;
				ENABLE_TESTABILITY = YES;
				ENABLE_USER_SCRIPT_SANDBOXING = YES;
				GCC_C_LANGUAGE_STANDARD = gnu17;
				GCC_DYNAMIC_NO_PIC = NO;
				GCC_NO_COMMON_BLOCKS = YES;
				GCC_OPTIMIZATION_LEVEL = 0;
				GCC_PREPROCESSOR_DEFINITIONS = (
					"DEBUG=1",
					"$(inherited)",
				);
				GCC_WARN_64_TO_32_BIT_CONVERSION = YES;
				GCC_WARN_ABOUT_RETURN_TYPE = YES_ERROR;
				GCC_WARN_UNDECLARED_SELECTOR = YES;
				GCC_WARN_UNINITIALIZED_AUTOS = YES_AGGRESSIVE;
				GCC_WARN_UNUSED_FUNCTION = YES;
				GCC_WARN_UNUSED_VARIABLE = YES;
				IPHONEOS_DEPLOYMENT_TARGET = 17.0;
				LOCALIZATION_PREFERS_STRING_CATALOGS = YES;
				MTL_ENABLE_DEBUG_INFO = INCLUDE_SOURCE;
				MTL_FAST_MATH = YES;
				ONLY_ACTIVE_ARCH = YES;
				SDKROOT = iphoneos;
				SWIFT_ACTIVE_COMPILATION_CONDITIONS = "DEBUG $(inherited)";
				SWIFT_OPTIMIZATION_LEVEL = "-Onone";
			};
			name = Debug;
		};
		E0639AC62B4201900066AF47 /* Release */ = {
			isa = XCBuildConfiguration;
			buildSettings = {
				ALWAYS_SEARCH_USER_PATHS = NO;
				ASSETCATALOG_COMPILER_GENERATE_SWIFT_ASSET_SYMBOL_EXTENSIONS = YES;
				CLANG_ANALYZER_NONNULL = YES;
				CLANG_ANALYZER_NUMBER_OBJECT_CONVERSION = YES_AGGRESSIVE;
				CLANG_CXX_LANGUAGE_STANDARD = "gnu++20";
				CLANG_ENABLE_MODULES = YES;
				CLANG_ENABLE_OBJC_ARC = YES;
				CLANG_ENABLE_OBJC_WEAK = YES;
				CLANG_WARN_BLOCK_CAPTURE_AUTORELEASING = YES;
				CLANG_WARN_BOOL_CONVERSION = YES;
				CLANG_WARN_COMMA = YES;
				CLANG_WARN_CONSTANT_CONVERSION = YES;
				CLANG_WARN_DEPRECATED_OBJC_IMPLEMENTATIONS = YES;
				CLANG_WARN_DIRECT_OBJC_ISA_USAGE = YES_ERROR;
				CLANG_WARN_DOCUMENTATION_COMMENTS = YES;
				CLANG_WARN_EMPTY_BODY = YES;
				CLANG_WARN_ENUM_CONVERSION = YES;
				CLANG_WARN_INFINITE_RECURSION = YES;
				CLANG_WARN_INT_CONVERSION = YES;
				CLANG_WARN_NON_LITERAL_NULL_CONVERSION = YES;
				CLANG_WARN_OBJC_IMPLICIT_RETAIN_SELF = YES;
				CLANG_WARN_OBJC_LITERAL_CONVERSION = YES;
				CLANG_WARN_OBJC_ROOT_CLASS = YES_ERROR;
				CLANG_WARN_QUOTED_INCLUDE_IN_FRAMEWORK_HEADER = YES;
				CLANG_WARN_RANGE_LOOP_ANALYSIS = YES;
				CLANG_WARN_STRICT_PROTOTYPES = YES;
				CLANG_WARN_SUSPICIOUS_MOVE = YES;
				CLANG_WARN_UNGUARDED_AVAILABILITY = YES_AGGRESSIVE;
				CLANG_WARN_UNREACHABLE_CODE = YES;
				CLANG_WARN__DUPLICATE_METHOD_MATCH = YES;
				COPY_PHASE_STRIP = NO;
				DEBUG_INFORMATION_FORMAT = "dwarf-with-dsym";
				ENABLE_NS_ASSERTIONS = NO;
				ENABLE_STRICT_OBJC_MSGSEND = YES;
				ENABLE_USER_SCRIPT_SANDBOXING = YES;
				GCC_C_LANGUAGE_STANDARD = gnu17;
				GCC_NO_COMMON_BLOCKS = YES;
				GCC_WARN_64_TO_32_BIT_CONVERSION = YES;
				GCC_WARN_ABOUT_RETURN_TYPE = YES_ERROR;
				GCC_WARN_UNDECLARED_SELECTOR = YES;
				GCC_WARN_UNINITIALIZED_AUTOS = YES_AGGRESSIVE;
				GCC_WARN_UNUSED_FUNCTION = YES;
				GCC_WARN_UNUSED_VARIABLE = YES;
				IPHONEOS_DEPLOYMENT_TARGET = 17.0;
				LOCALIZATION_PREFERS_STRING_CATALOGS = YES;
				MTL_ENABLE_DEBUG_INFO = NO;
				MTL_FAST_MATH = YES;
				SDKROOT = iphoneos;
				SWIFT_COMPILATION_MODE = wholemodule;
				VALIDATE_PRODUCT = YES;
			};
			name = Release;
		};
		E0639AC82B4201900066AF47 /* Debug */ = {
			isa = XCBuildConfiguration;
			buildSettings = {
				ASSETCATALOG_COMPILER_APPICON_NAME = AppIcon;
				ASSETCATALOG_COMPILER_GLOBAL_ACCENT_COLOR_NAME = AccentColor;
				CODE_SIGN_STYLE = Automatic;
				CURRENT_PROJECT_VERSION = 1;
				DEVELOPMENT_TEAM = 4Y6FH4D2V4;
				GENERATE_INFOPLIST_FILE = YES;
				INFOPLIST_FILE = GHFollowers_UIKit/Info.plist;
				INFOPLIST_KEY_UIApplicationSupportsIndirectInputEvents = YES;
				INFOPLIST_KEY_UILaunchStoryboardName = LaunchScreen;
				INFOPLIST_KEY_UISupportedInterfaceOrientations = UIInterfaceOrientationPortrait;
				INFOPLIST_KEY_UISupportedInterfaceOrientations_iPad = "UIInterfaceOrientationLandscapeLeft UIInterfaceOrientationLandscapeRight UIInterfaceOrientationPortrait UIInterfaceOrientationPortraitUpsideDown";
				LD_RUNPATH_SEARCH_PATHS = (
					"$(inherited)",
					"@executable_path/Frameworks",
				);
				MARKETING_VERSION = 1.0;
				PRODUCT_BUNDLE_IDENTIFIER = "com.sweeney.GHFollowers-UIKit";
				PRODUCT_NAME = "$(TARGET_NAME)";
				SUPPORTED_PLATFORMS = "iphoneos iphonesimulator";
				SUPPORTS_MACCATALYST = NO;
				SUPPORTS_MAC_DESIGNED_FOR_IPHONE_IPAD = NO;
				SWIFT_EMIT_LOC_STRINGS = YES;
				SWIFT_VERSION = 5.0;
				TARGETED_DEVICE_FAMILY = 1;
			};
			name = Debug;
		};
		E0639AC92B4201900066AF47 /* Release */ = {
			isa = XCBuildConfiguration;
			buildSettings = {
				ASSETCATALOG_COMPILER_APPICON_NAME = AppIcon;
				ASSETCATALOG_COMPILER_GLOBAL_ACCENT_COLOR_NAME = AccentColor;
				CODE_SIGN_STYLE = Automatic;
				CURRENT_PROJECT_VERSION = 1;
				DEVELOPMENT_TEAM = 4Y6FH4D2V4;
				GENERATE_INFOPLIST_FILE = YES;
				INFOPLIST_FILE = GHFollowers_UIKit/Info.plist;
				INFOPLIST_KEY_UIApplicationSupportsIndirectInputEvents = YES;
				INFOPLIST_KEY_UILaunchStoryboardName = LaunchScreen;
				INFOPLIST_KEY_UISupportedInterfaceOrientations = UIInterfaceOrientationPortrait;
				INFOPLIST_KEY_UISupportedInterfaceOrientations_iPad = "UIInterfaceOrientationLandscapeLeft UIInterfaceOrientationLandscapeRight UIInterfaceOrientationPortrait UIInterfaceOrientationPortraitUpsideDown";
				LD_RUNPATH_SEARCH_PATHS = (
					"$(inherited)",
					"@executable_path/Frameworks",
				);
				MARKETING_VERSION = 1.0;
				PRODUCT_BUNDLE_IDENTIFIER = "com.sweeney.GHFollowers-UIKit";
				PRODUCT_NAME = "$(TARGET_NAME)";
				SUPPORTED_PLATFORMS = "iphoneos iphonesimulator";
				SUPPORTS_MACCATALYST = NO;
				SUPPORTS_MAC_DESIGNED_FOR_IPHONE_IPAD = NO;
				SWIFT_EMIT_LOC_STRINGS = YES;
				SWIFT_VERSION = 5.0;
				TARGETED_DEVICE_FAMILY = 1;
			};
			name = Release;
		};
/* End XCBuildConfiguration section */

/* Begin XCConfigurationList section */
		E0639AAE2B42018F0066AF47 /* Build configuration list for PBXProject "GHFollowers_UIKit" */ = {
			isa = XCConfigurationList;
			buildConfigurations = (
				E0639AC52B4201900066AF47 /* Debug */,
				E0639AC62B4201900066AF47 /* Release */,
			);
			defaultConfigurationIsVisible = 0;
			defaultConfigurationName = Release;
		};
		E0639AC72B4201900066AF47 /* Build configuration list for PBXNativeTarget "GHFollowers_UIKit" */ = {
			isa = XCConfigurationList;
			buildConfigurations = (
				E0639AC82B4201900066AF47 /* Debug */,
				E0639AC92B4201900066AF47 /* Release */,
			);
			defaultConfigurationIsVisible = 0;
			defaultConfigurationName = Release;
		};
/* End XCConfigurationList section */
	};
	rootObject = E0639AAB2B42018F0066AF47 /* Project object */;
}
